# This file was autogenerated by Stack.
# You should not edit this file by hand.
# For more information, please see the documentation at:
#   https://docs.haskellstack.org/en/stable/lock_files

packages:
- completed:
    hackage: haskell-gi-0.24.5@sha256:a7a29f3bd532c3a36c64d5c0b6d7cc0ab990ace22029e4a3b1daae3f545d5989,5241
    pantry-tree:
      size: 4348
      sha256: 4d8864a46675e648638091f1f443bfd828a0fb8b3527db3335821006866575cd
  original:
    hackage: haskell-gi-0.24.5@sha256:a7a29f3bd532c3a36c64d5c0b6d7cc0ab990ace22029e4a3b1daae3f545d5989,5241
- completed:
    hackage: haskell-gi-base-0.24.3@sha256:7a5e0d2c9c441b8d5f2da5a79a197885e00acf4a0facea4fc1da00e637045f70,2392
    pantry-tree:
      size: 1866
      sha256: c7be050613627ee35bcd19f57f56e858022ddf1490526a0326c52ea653a84831
  original:
    hackage: haskell-gi-base-0.24.3@sha256:7a5e0d2c9c441b8d5f2da5a79a197885e00acf4a0facea4fc1da00e637045f70,2392
- completed:
    hackage: gi-harfbuzz-0.0.3@sha256:0550f498854b7edac66b1a09f283e5b5c86033aff58b4ac30b024ae59e1bd866,5869
    pantry-tree:
      size: 364
      sha256: f33e284484ab7520bb115508fe1ddae5585e42aa292c97f4f6abb2e7ec3d60eb
  original:
    hackage: gi-harfbuzz-0.0.3
- completed:
    hackage: gi-pango-1.0.23@sha256:160443e93def8aa95e66fe1de40d51bb12ee922f7cafe6e33d6009f5490c66c5,8233
    pantry-tree:
      size: 360
      sha256: fc5b1f6835549f148284950ab540df9d9f4d7a75df958b5de5e4c01d922dcb37
  original:
    hackage: gi-pango-1.0.23
- completed:
    hackage: gi-gtk-declarative-0.6.3@sha256:8db2e8a9fa20673406e4500e5040d4384eb76e362d45ffe69116575ae03ff1e3,4411
    pantry-tree:
      size: 2393
      sha256: 5871aca72517a320f9ab3b7b122daa156dc18467a1b9d65fd2b2c45ec675ed09
  original:
    hackage: gi-gtk-declarative-0.6.3
- completed:
    hackage: gi-gtk-declarative-app-simple-0.6.3@sha256:2b201371acd292ef8d980be02809787293f7c30e505c84910b57e307af999cc9,1818
    pantry-tree:
      size: 257
      sha256: a0d8f5953711f24c26237be319ddd4107e00291c117e038bd693faeffbb032f7
  original:
    hackage: gi-gtk-declarative-app-simple-0.6.3
snapshots:
- completed:
    size: 532413
    url: https://raw.githubusercontent.com/commercialhaskell/stackage-snapshots/master/lts/16/21.yaml
    sha256: 7b5cac89352fa4a88606dc6cb250aee9291f21e2e988d464065f5aa51f5de33d
  original:
    url: https://raw.githubusercontent.com/commercialhaskell/stackage-snapshots/master/lts/16/21.yaml
